// !$*UTF8*$!
{
	archiveVersion = 1;
	classes = {
	};
	objectVersion = 56;
	objects = {

/* Begin PBXBuildFile section */
		84156AE42AFD309300F08F1D /* AppDelegate.swift in Sources */ = {isa = PBXBuildFile; fileRef = 84156AE32AFD309300F08F1D /* AppDelegate.swift */; };
		84156AE62AFD309300F08F1D /* SceneDelegate.swift in Sources */ = {isa = PBXBuildFile; fileRef = 84156AE52AFD309300F08F1D /* SceneDelegate.swift */; };
		84156AE82AFD309300F08F1D /* ViewController.swift in Sources */ = {isa = PBXBuildFile; fileRef = 84156AE72AFD309300F08F1D /* ViewController.swift */; };
		84156AEB2AFD309300F08F1D /* Main.storyboard in Resources */ = {isa = PBXBuildFile; fileRef = 84156AE92AFD309300F08F1D /* Main.storyboard */; };
		84156AEE2AFD309300F08F1D /* HW_1.xcdatamodeld in Sources */ = {isa = PBXBuildFile; fileRef = 84156AEC2AFD309300F08F1D /* HW_1.xcdatamodeld */; };
		84156AF02AFD309500F08F1D /* Assets.xcassets in Resources */ = {isa = PBXBuildFile; fileRef = 84156AEF2AFD309500F08F1D /* Assets.xcassets */; };
		84156AF32AFD309500F08F1D /* LaunchScreen.storyboard in Resources */ = {isa = PBXBuildFile; fileRef = 84156AF12AFD309500F08F1D /* LaunchScreen.storyboard */; };
		84156AFE2AFD309600F08F1D /* HW_1Tests.swift in Sources */ = {isa = PBXBuildFile; fileRef = 84156AFD2AFD309600F08F1D /* HW_1Tests.swift */; };
		84156B082AFD309600F08F1D /* HW_1UITests.swift in Sources */ = {isa = PBXBuildFile; fileRef = 84156B072AFD309600F08F1D /* HW_1UITests.swift */; };
		84156B0A2AFD309600F08F1D /* HW_1UITestsLaunchTests.swift in Sources */ = {isa = PBXBuildFile; fileRef = 84156B092AFD309600F08F1D /* HW_1UITestsLaunchTests.swift */; };
/* End PBXBuildFile section */

/* Begin PBXContainerItemProxy section */
		84156AFA2AFD309600F08F1D /* PBXContainerItemProxy */ = {
			isa = PBXContainerItemProxy;
			containerPortal = 84156AD82AFD309300F08F1D /* Project object */;
			proxyType = 1;
			remoteGlobalIDString = 84156ADF2AFD309300F08F1D;
			remoteInfo = HW_1;
		};
		84156B042AFD309600F08F1D /* PBXContainerItemProxy */ = {
			isa = PBXContainerItemProxy;
			containerPortal = 84156AD82AFD309300F08F1D /* Project object */;
			proxyType = 1;
			remoteGlobalIDString = 84156ADF2AFD309300F08F1D;
			remoteInfo = HW_1;
		};
/* End PBXContainerItemProxy section */

/* Begin PBXFileReference section */
		84156AE02AFD309300F08F1D /* HW_1.app */ = {isa = PBXFileReference; explicitFileType = wrapper.application; includeInIndex = 0; path = HW_1.app; sourceTree = BUILT_PRODUCTS_DIR; };
		84156AE32AFD309300F08F1D /* AppDelegate.swift */ = {isa = PBXFileReference; lastKnownFileType = sourcecode.swift; path = AppDelegate.swift; sourceTree = "<group>"; };
		84156AE52AFD309300F08F1D /* SceneDelegate.swift */ = {isa = PBXFileReference; lastKnownFileType = sourcecode.swift; path = SceneDelegate.swift; sourceTree = "<group>"; };
		84156AE72AFD309300F08F1D /* ViewController.swift */ = {isa = PBXFileReference; lastKnownFileType = sourcecode.swift; path = ViewController.swift; sourceTree = "<group>"; };
		84156AEA2AFD309300F08F1D /* Base */ = {isa = PBXFileReference; lastKnownFileType = file.storyboard; name = Base; path = Base.lproj/Main.storyboard; sourceTree = "<group>"; };
		84156AED2AFD309300F08F1D /* HW_1.xcdatamodel */ = {isa = PBXFileReference; lastKnownFileType = wrapper.xcdatamodel; path = HW_1.xcdatamodel; sourceTree = "<group>"; };
		84156AEF2AFD309500F08F1D /* Assets.xcassets */ = {isa = PBXFileReference; lastKnownFileType = folder.assetcatalog; path = Assets.xcassets; sourceTree = "<group>"; };
		84156AF22AFD309500F08F1D /* Base */ = {isa = PBXFileReference; lastKnownFileType = file.storyboard; name = Base; path = Base.lproj/LaunchScreen.storyboard; sourceTree = "<group>"; };
		84156AF42AFD309500F08F1D /* Info.plist */ = {isa = PBXFileReference; lastKnownFileType = text.plist.xml; path = Info.plist; sourceTree = "<group>"; };
		84156AF92AFD309600F08F1D /* HW_1Tests.xctest */ = {isa = PBXFileReference; explicitFileType = wrapper.cfbundle; includeInIndex = 0; path = HW_1Tests.xctest; sourceTree = BUILT_PRODUCTS_DIR; };
		84156AFD2AFD309600F08F1D /* HW_1Tests.swift */ = {isa = PBXFileReference; lastKnownFileType = sourcecode.swift; path = HW_1Tests.swift; sourceTree = "<group>"; };
		84156B032AFD309600F08F1D /* HW_1UITests.xctest */ = {isa = PBXFileReference; explicitFileType = wrapper.cfbundle; includeInIndex = 0; path = HW_1UITests.xctest; sourceTree = BUILT_PRODUCTS_DIR; };
		84156B072AFD309600F08F1D /* HW_1UITests.swift */ = {isa = PBXFileReference; lastKnownFileType = sourcecode.swift; path = HW_1UITests.swift; sourceTree = "<group>"; };
		84156B092AFD309600F08F1D /* HW_1UITestsLaunchTests.swift */ = {isa = PBXFileReference; lastKnownFileType = sourcecode.swift; path = HW_1UITestsLaunchTests.swift; sourceTree = "<group>"; };
/* End PBXFileReference section */

/* Begin PBXFrameworksBuildPhase section */
		84156ADD2AFD309300F08F1D /* Frameworks */ = {
			isa = PBXFrameworksBuildPhase;
			buildActionMask = 2147483647;
			files = (
			);
			runOnlyForDeploymentPostprocessing = 0;
		};
		84156AF62AFD309600F08F1D /* Frameworks */ = {
			isa = PBXFrameworksBuildPhase;
			buildActionMask = 2147483647;
			files = (
			);
			runOnlyForDeploymentPostprocessing = 0;
		};
		84156B002AFD309600F08F1D /* Frameworks */ = {
			isa = PBXFrameworksBuildPhase;
			buildActionMask = 2147483647;
			files = (
			);
			runOnlyForDeploymentPostprocessing = 0;
		};
/* End PBXFrameworksBuildPhase section */

/* Begin PBXGroup section */
		84156AD72AFD309300F08F1D = {
			isa = PBXGroup;
			children = (
				84156AE22AFD309300F08F1D /* HW_1 */,
				84156AFC2AFD309600F08F1D /* HW_1Tests */,
				84156B062AFD309600F08F1D /* HW_1UITests */,
				84156AE12AFD309300F08F1D /* Products */,
			);
			sourceTree = "<group>";
		};
		84156AE12AFD309300F08F1D /* Products */ = {
			isa = PBXGroup;
			children = (
				84156AE02AFD309300F08F1D /* HW_1.app */,
				84156AF92AFD309600F08F1D /* HW_1Tests.xctest */,
				84156B032AFD309600F08F1D /* HW_1UITests.xctest */,
			);
			name = Products;
			sourceTree = "<group>";
		};
		84156AE22AFD309300F08F1D /* HW_1 */ = {
			isa = PBXGroup;
			children = (
				84156AE32AFD309300F08F1D /* AppDelegate.swift */,
				84156AE52AFD309300F08F1D /* SceneDelegate.swift */,
				84156AE72AFD309300F08F1D /* ViewController.swift */,
				84156AE92AFD309300F08F1D /* Main.storyboard */,
				84156AEF2AFD309500F08F1D /* Assets.xcassets */,
				84156AF12AFD309500F08F1D /* LaunchScreen.storyboard */,
				84156AF42AFD309500F08F1D /* Info.plist */,
				84156AEC2AFD309300F08F1D /* HW_1.xcdatamodeld */,
			);
			path = HW_1;
			sourceTree = "<group>";
		};
		84156AFC2AFD309600F08F1D /* HW_1Tests */ = {
			isa = PBXGroup;
			children = (
				84156AFD2AFD309600F08F1D /* HW_1Tests.swift */,
			);
			path = HW_1Tests;
			sourceTree = "<group>";
		};
		84156B062AFD309600F08F1D /* HW_1UITests */ = {
			isa = PBXGroup;
			children = (
				84156B072AFD309600F08F1D /* HW_1UITests.swift */,
				84156B092AFD309600F08F1D /* HW_1UITestsLaunchTests.swift */,
			);
			path = HW_1UITests;
			sourceTree = "<group>";
		};
/* End PBXGroup section */

/* Begin PBXNativeTarget section */
		84156ADF2AFD309300F08F1D /* HW_1 */ = {
			isa = PBXNativeTarget;
			buildConfigurationList = 84156B0D2AFD309600F08F1D /* Build configuration list for PBXNativeTarget "HW_1" */;
			buildPhases = (
				84156ADC2AFD309300F08F1D /* Sources */,
				84156ADD2AFD309300F08F1D /* Frameworks */,
				84156ADE2AFD309300F08F1D /* Resources */,
			);
			buildRules = (
			);
			dependencies = (
			);
			name = HW_1;
			productName = HW_1;
			productReference = 84156AE02AFD309300F08F1D /* HW_1.app */;
			productType = "com.apple.product-type.application";
		};
		84156AF82AFD309600F08F1D /* HW_1Tests */ = {
			isa = PBXNativeTarget;
			buildConfigurationList = 84156B102AFD309600F08F1D /* Build configuration list for PBXNativeTarget "HW_1Tests" */;
			buildPhases = (
				84156AF52AFD309600F08F1D /* Sources */,
				84156AF62AFD309600F08F1D /* Frameworks */,
				84156AF72AFD309600F08F1D /* Resources */,
			);
			buildRules = (
			);
			dependencies = (
				84156AFB2AFD309600F08F1D /* PBXTargetDependency */,
			);
			name = HW_1Tests;
			productName = HW_1Tests;
			productReference = 84156AF92AFD309600F08F1D /* HW_1Tests.xctest */;
			productType = "com.apple.product-type.bundle.unit-test";
		};
		84156B022AFD309600F08F1D /* HW_1UITests */ = {
			isa = PBXNativeTarget;
			buildConfigurationList = 84156B132AFD309600F08F1D /* Build configuration list for PBXNativeTarget "HW_1UITests" */;
			buildPhases = (
				84156AFF2AFD309600F08F1D /* Sources */,
				84156B002AFD309600F08F1D /* Frameworks */,
				84156B012AFD309600F08F1D /* Resources */,
			);
			buildRules = (
			);
			dependencies = (
				84156B052AFD309600F08F1D /* PBXTargetDependency */,
			);
			name = HW_1UITests;
			productName = HW_1UITests;
			productReference = 84156B032AFD309600F08F1D /* HW_1UITests.xctest */;
			productType = "com.apple.product-type.bundle.ui-testing";
		};
/* End PBXNativeTarget section */

/* Begin PBXProject section */
		84156AD82AFD309300F08F1D /* Project object */ = {
			isa = PBXProject;
			attributes = {
				BuildIndependentTargetsInParallel = 1;
				LastSwiftUpdateCheck = 1430;
				LastUpgradeCheck = 1430;
				TargetAttributes = {
					84156ADF2AFD309300F08F1D = {
						CreatedOnToolsVersion = 14.3.1;
					};
					84156AF82AFD309600F08F1D = {
						CreatedOnToolsVersion = 14.3.1;
						TestTargetID = 84156ADF2AFD309300F08F1D;
					};
					84156B022AFD309600F08F1D = {
						CreatedOnToolsVersion = 14.3.1;
						TestTargetID = 84156ADF2AFD309300F08F1D;
					};
				};
			};
			buildConfigurationList = 84156ADB2AFD309300F08F1D /* Build configuration list for PBXProject "HW_1" */;
			compatibilityVersion = "Xcode 14.0";
			developmentRegion = en;
			hasScannedForEncodings = 0;
			knownRegions = (
				en,
				Base,
			);
			mainGroup = 84156AD72AFD309300F08F1D;
			productRefGroup = 84156AE12AFD309300F08F1D /* Products */;
			projectDirPath = "";
			projectRoot = "";
			targets = (
				84156ADF2AFD309300F08F1D /* HW_1 */,
				84156AF82AFD309600F08F1D /* HW_1Tests */,
				84156B022AFD309600F08F1D /* HW_1UITests */,
			);
		};
/* End PBXProject section */

/* Begin PBXResourcesBuildPhase section */
		84156ADE2AFD309300F08F1D /* Resources */ = {
			isa = PBXResourcesBuildPhase;
			buildActionMask = 2147483647;
			files = (
				84156AF32AFD309500F08F1D /* LaunchScreen.storyboard in Resources */,
				84156AF02AFD309500F08F1D /* Assets.xcassets in Resources */,
				84156AEB2AFD309300F08F1D /* Main.storyboard in Resources */,
			);
			runOnlyForDeploymentPostprocessing = 0;
		};
		84156AF72AFD309600F08F1D /* Resources */ = {
			isa = PBXResourcesBuildPhase;
			buildActionMask = 2147483647;
			files = (
			);
			runOnlyForDeploymentPostprocessing = 0;
		};
		84156B012AFD309600F08F1D /* Resources */ = {
			isa = PBXResourcesBuildPhase;
			buildActionMask = 2147483647;
			files = (
			);
			runOnlyForDeploymentPostprocessing = 0;
		};
/* End PBXResourcesBuildPhase section */

/* Begin PBXSourcesBuildPhase section */
		84156ADC2AFD309300F08F1D /* Sources */ = {
			isa = PBXSourcesBuildPhase;
			buildActionMask = 2147483647;
			files = (
				84156AEE2AFD309300F08F1D /* HW_1.xcdatamodeld in Sources */,
				84156AE82AFD309300F08F1D /* ViewController.swift in Sources */,
				84156AE42AFD309300F08F1D /* AppDelegate.swift in Sources */,
				84156AE62AFD309300F08F1D /* SceneDelegate.swift in Sources */,
			);
			runOnlyForDeploymentPostprocessing = 0;
		};
		84156AF52AFD309600F08F1D /* Sources */ = {
			isa = PBXSourcesBuildPhase;
			buildActionMask = 2147483647;
			files = (
				84156AFE2AFD309600F08F1D /* HW_1Tests.swift in Sources */,
			);
			runOnlyForDeploymentPostprocessing = 0;
		};
		84156AFF2AFD309600F08F1D /* Sources */ = {
			isa = PBXSourcesBuildPhase;
			buildActionMask = 2147483647;
			files = (
				84156B082AFD309600F08F1D /* HW_1UITests.swift in Sources */,
				84156B0A2AFD309600F08F1D /* HW_1UITestsLaunchTests.swift in Sources */,
			);
			runOnlyForDeploymentPostprocessing = 0;
		};
/* End PBXSourcesBuildPhase section */

/* Begin PBXTargetDependency section */
		84156AFB2AFD309600F08F1D /* PBXTargetDependency */ = {
			isa = PBXTargetDependency;
			target = 84156ADF2AFD309300F08F1D /* HW_1 */;
			targetProxy = 84156AFA2AFD309600F08F1D /* PBXContainerItemProxy */;
		};
		84156B052AFD309600F08F1D /* PBXTargetDependency */ = {
			isa = PBXTargetDependency;
			target = 84156ADF2AFD309300F08F1D /* HW_1 */;
			targetProxy = 84156B042AFD309600F08F1D /* PBXContainerItemProxy */;
		};
/* End PBXTargetDependency section */

/* Begin PBXVariantGroup section */
		84156AE92AFD309300F08F1D /* Main.storyboard */ = {
			isa = PBXVariantGroup;
			children = (
				84156AEA2AFD309300F08F1D /* Base */,
			);
			name = Main.storyboard;
			sourceTree = "<group>";
		};
		84156AF12AFD309500F08F1D /* LaunchScreen.storyboard */ = {
			isa = PBXVariantGroup;
			children = (
				84156AF22AFD309500F08F1D /* Base */,
			);
			name = LaunchScreen.storyboard;
			sourceTree = "<group>";
		};
/* End PBXVariantGroup section */

/* Begin XCBuildConfiguration section */
		84156B0B2AFD309600F08F1D /* Debug */ = {
			isa = XCBuildConfiguration;
			buildSettings = {
				ALWAYS_SEARCH_USER_PATHS = NO;
				CLANG_ANALYZER_NONNULL = YES;
				CLANG_ANALYZER_NUMBER_OBJECT_CONVERSION = YES_AGGRESSIVE;
				CLANG_CXX_LANGUAGE_STANDARD = "gnu++20";
				CLANG_ENABLE_MODULES = YES;
				CLANG_ENABLE_OBJC_ARC = YES;
				CLANG_ENABLE_OBJC_WEAK = YES;
				CLANG_WARN_BLOCK_CAPTURE_AUTORELEASING = YES;
				CLANG_WARN_BOOL_CONVERSION = YES;
				CLANG_WARN_COMMA = YES;
				CLANG_WARN_CONSTANT_CONVERSION = YES;
				CLANG_WARN_DEPRECATED_OBJC_IMPLEMENTATIONS = YES;
				CLANG_WARN_DIRECT_OBJC_ISA_USAGE = YES_ERROR;
				CLANG_WARN_DOCUMENTATION_COMMENTS = YES;
				CLANG_WARN_EMPTY_BODY = YES;
				CLANG_WARN_ENUM_CONVERSION = YES;
				CLANG_WARN_INFINITE_RECURSION = YES;
				CLANG_WARN_INT_CONVERSION = YES;
				CLANG_WARN_NON_LITERAL_NULL_CONVERSION = YES;
				CLANG_WARN_OBJC_IMPLICIT_RETAIN_SELF = YES;
				CLANG_WARN_OBJC_LITERAL_CONVERSION = YES;
				CLANG_WARN_OBJC_ROOT_CLASS = YES_ERROR;
				CLANG_WARN_QUOTED_INCLUDE_IN_FRAMEWORK_HEADER = YES;
				CLANG_WARN_RANGE_LOOP_ANALYSIS = YES;
				CLANG_WARN_STRICT_PROTOTYPES = YES;
				CLANG_WARN_SUSPICIOUS_MOVE = YES;
				CLANG_WARN_UNGUARDED_AVAILABILITY = YES_AGGRESSIVE;
				CLANG_WARN_UNREACHABLE_CODE = YES;
				CLANG_WARN__DUPLICATE_METHOD_MATCH = YES;
				COPY_PHASE_STRIP = NO;
				DEBUG_INFORMATION_FORMAT = dwarf;
				ENABLE_STRICT_OBJC_MSGSEND = YES;
				ENABLE_TESTABILITY = YES;
				GCC_C_LANGUAGE_STANDARD = gnu11;
				GCC_DYNAMIC_NO_PIC = NO;
				GCC_NO_COMMON_BLOCKS = YES;
				GCC_OPTIMIZATION_LEVEL = 0;
				GCC_PREPROCESSOR_DEFINITIONS = (
					"DEBUG=1",
					"$(inherited)",
				);
				GCC_WARN_64_TO_32_BIT_CONVERSION = YES;
				GCC_WARN_ABOUT_RETURN_TYPE = YES_ERROR;
				GCC_WARN_UNDECLARED_SELECTOR = YES;
				GCC_WARN_UNINITIALIZED_AUTOS = YES_AGGRESSIVE;
				GCC_WARN_UNUSED_FUNCTION = YES;
				GCC_WARN_UNUSED_VARIABLE = YES;
				IPHONEOS_DEPLOYMENT_TARGET = 16.4;
				MTL_ENABLE_DEBUG_INFO = INCLUDE_SOURCE;
				MTL_FAST_MATH = YES;
				ONLY_ACTIVE_ARCH = YES;
				SDKROOT = iphoneos;
				SWIFT_ACTIVE_COMPILATION_CONDITIONS = DEBUG;
				SWIFT_OPTIMIZATION_LEVEL = "-Onone";
			};
			name = Debug;
		};
		84156B0C2AFD309600F08F1D /* Release */ = {
			isa = XCBuildConfiguration;
			buildSettings = {
				ALWAYS_SEARCH_USER_PATHS = NO;
				CLANG_ANALYZER_NONNULL = YES;
				CLANG_ANALYZER_NUMBER_OBJECT_CONVERSION = YES_AGGRESSIVE;
				CLANG_CXX_LANGUAGE_STANDARD = "gnu++20";
				CLANG_ENABLE_MODULES = YES;
				CLANG_ENABLE_OBJC_ARC = YES;
				CLANG_ENABLE_OBJC_WEAK = YES;
				CLANG_WARN_BLOCK_CAPTURE_AUTORELEASING = YES;
				CLANG_WARN_BOOL_CONVERSION = YES;
				CLANG_WARN_COMMA = YES;
				CLANG_WARN_CONSTANT_CONVERSION = YES;
				CLANG_WARN_DEPRECATED_OBJC_IMPLEMENTATIONS = YES;
				CLANG_WARN_DIRECT_OBJC_ISA_USAGE = YES_ERROR;
				CLANG_WARN_DOCUMENTATION_COMMENTS = YES;
				CLANG_WARN_EMPTY_BODY = YES;
				CLANG_WARN_ENUM_CONVERSION = YES;
				CLANG_WARN_INFINITE_RECURSION = YES;
				CLANG_WARN_INT_CONVERSION = YES;
				CLANG_WARN_NON_LITERAL_NULL_CONVERSION = YES;
				CLANG_WARN_OBJC_IMPLICIT_RETAIN_SELF = YES;
				CLANG_WARN_OBJC_LITERAL_CONVERSION = YES;
				CLANG_WARN_OBJC_ROOT_CLASS = YES_ERROR;
				CLANG_WARN_QUOTED_INCLUDE_IN_FRAMEWORK_HEADER = YES;
				CLANG_WARN_RANGE_LOOP_ANALYSIS = YES;
				CLANG_WARN_STRICT_PROTOTYPES = YES;
				CLANG_WARN_SUSPICIOUS_MOVE = YES;
				CLANG_WARN_UNGUARDED_AVAILABILITY = YES_AGGRESSIVE;
				CLANG_WARN_UNREACHABLE_CODE = YES;
				CLANG_WARN__DUPLICATE_METHOD_MATCH = YES;
				COPY_PHASE_STRIP = NO;
				DEBUG_INFORMATION_FORMAT = "dwarf-with-dsym";
				ENABLE_NS_ASSERTIONS = NO;
				ENABLE_STRICT_OBJC_MSGSEND = YES;
				GCC_C_LANGUAGE_STANDARD = gnu11;
				GCC_NO_COMMON_BLOCKS = YES;
				GCC_WARN_64_TO_32_BIT_CONVERSION = YES;
				GCC_WARN_ABOUT_RETURN_TYPE = YES_ERROR;
				GCC_WARN_UNDECLARED_SELECTOR = YES;
				GCC_WARN_UNINITIALIZED_AUTOS = YES_AGGRESSIVE;
				GCC_WARN_UNUSED_FUNCTION = YES;
				GCC_WARN_UNUSED_VARIABLE = YES;
				IPHONEOS_DEPLOYMENT_TARGET = 16.4;
				MTL_ENABLE_DEBUG_INFO = NO;
				MTL_FAST_MATH = YES;
				SDKROOT = iphoneos;
				SWIFT_COMPILATION_MODE = wholemodule;
				SWIFT_OPTIMIZATION_LEVEL = "-O";
				VALIDATE_PRODUCT = YES;
			};
			name = Release;
		};
		84156B0E2AFD309600F08F1D /* Debug */ = {
			isa = XCBuildConfiguration;
			buildSettings = {
				ASSETCATALOG_COMPILER_APPICON_NAME = AppIcon;
				ASSETCATALOG_COMPILER_GLOBAL_ACCENT_COLOR_NAME = AccentColor;
				CODE_SIGN_STYLE = Automatic;
				CURRENT_PROJECT_VERSION = 1;
				DEVELOPMENT_TEAM = N6283NW9B4;
				GENERATE_INFOPLIST_FILE = YES;
				INFOPLIST_FILE = HW_1/Info.plist;
				INFOPLIST_KEY_UIApplicationSupportsIndirectInputEvents = YES;
				INFOPLIST_KEY_UILaunchStoryboardName = LaunchScreen;
				INFOPLIST_KEY_UIMainStoryboardFile = Main;
				INFOPLIST_KEY_UISupportedInterfaceOrientations_iPad = "UIInterfaceOrientationPortrait UIInterfaceOrientationPortraitUpsideDown UIInterfaceOrientationLandscapeLeft UIInterfaceOrientationLandscapeRight";
				INFOPLIST_KEY_UISupportedInterfaceOrientations_iPhone = "UIInterfaceOrientationPortrait UIInterfaceOrientationLandscapeLeft UIInterfaceOrientationLandscapeRight";
				LD_RUNPATH_SEARCH_PATHS = (
					"$(inherited)",
					"@executable_path/Frameworks",
				);
				MARKETING_VERSION = 1.0;
				PRODUCT_BUNDLE_IDENTIFIER = "Post.HW-1";
				PRODUCT_NAME = "$(TARGET_NAME)";
				SWIFT_EMIT_LOC_STRINGS = YES;
				SWIFT_VERSION = 5.0;
				TARGETED_DEVICE_FAMILY = "1,2";
			};
			name = Debug;
		};
		84156B0F2AFD309600F08F1D /* Release */ = {
			isa = XCBuildConfiguration;
			buildSettings = {
				ASSETCATALOG_COMPILER_APPICON_NAME = AppIcon;
				ASSETCATALOG_COMPILER_GLOBAL_ACCENT_COLOR_NAME = AccentColor;
				CODE_SIGN_STYLE = Automatic;
				CURRENT_PROJECT_VERSION = 1;
				DEVELOPMENT_TEAM = N6283NW9B4;
				GENERATE_INFOPLIST_FILE = YES;
				INFOPLIST_FILE = HW_1/Info.plist;
				INFOPLIST_KEY_UIApplicationSupportsIndirectInputEvents = YES;
				INFOPLIST_KEY_UILaunchStoryboardName = LaunchScreen;
				INFOPLIST_KEY_UIMainStoryboardFile = Main;
				INFOPLIST_KEY_UISupportedInterfaceOrientations_iPad = "UIInterfaceOrientationPortrait UIInterfaceOrientationPortraitUpsideDown UIInterfaceOrientationLandscapeLeft UIInterfaceOrientationLandscapeRight";
				INFOPLIST_KEY_UISupportedInterfaceOrientations_iPhone = "UIInterfaceOrientationPortrait UIInterfaceOrientationLandscapeLeft UIInterfaceOrientationLandscapeRight";
				LD_RUNPATH_SEARCH_PATHS = (
					"$(inherited)",
					"@executable_path/Frameworks",
				);
				MARKETING_VERSION = 1.0;
				PRODUCT_BUNDLE_IDENTIFIER = "Post.HW-1";
				PRODUCT_NAME = "$(TARGET_NAME)";
				SWIFT_EMIT_LOC_STRINGS = YES;
				SWIFT_VERSION = 5.0;
				TARGETED_DEVICE_FAMILY = "1,2";
			};
			name = Release;
		};
		84156B112AFD309600F08F1D /* Debug */ = {
			isa = XCBuildConfiguration;
			buildSettings = {
				ALWAYS_EMBED_SWIFT_STANDARD_LIBRARIES = YES;
				BUNDLE_LOADER = "$(TEST_HOST)";
				CODE_SIGN_STYLE = Automatic;
				CURRENT_PROJECT_VERSION = 1;
				DEVELOPMENT_TEAM = N6283NW9B4;
				GENERATE_INFOPLIST_FILE = YES;
				IPHONEOS_DEPLOYMENT_TARGET = 16.4;
				MARKETING_VERSION = 1.0;
				PRODUCT_BUNDLE_IDENTIFIER = "Post.HW-1Tests";
				PRODUCT_NAME = "$(TARGET_NAME)";
				SWIFT_EMIT_LOC_STRINGS = NO;
				SWIFT_VERSION = 5.0;
				TARGETED_DEVICE_FAMILY = "1,2";
				TEST_HOST = "$(BUILT_PRODUCTS_DIR)/HW_1.app/$(BUNDLE_EXECUTABLE_FOLDER_PATH)/HW_1";
			};
			name = Debug;
		};
		84156B122AFD309600F08F1D /* Release */ = {
			isa = XCBuildConfiguration;
			buildSettings = {
				ALWAYS_EMBED_SWIFT_STANDARD_LIBRARIES = YES;
				BUNDLE_LOADER = "$(TEST_HOST)";
				CODE_SIGN_STYLE = Automatic;
				CURRENT_PROJECT_VERSION = 1;
				DEVELOPMENT_TEAM = N6283NW9B4;
				GENERATE_INFOPLIST_FILE = YES;
				IPHONEOS_DEPLOYMENT_TARGET = 16.4;
				MARKETING_VERSION = 1.0;
				PRODUCT_BUNDLE_IDENTIFIER = "Post.HW-1Tests";
				PRODUCT_NAME = "$(TARGET_NAME)";
				SWIFT_EMIT_LOC_STRINGS = NO;
				SWIFT_VERSION = 5.0;
				TARGETED_DEVICE_FAMILY = "1,2";
				TEST_HOST = "$(BUILT_PRODUCTS_DIR)/HW_1.app/$(BUNDLE_EXECUTABLE_FOLDER_PATH)/HW_1";
			};
			name = Release;
		};
		84156B142AFD309600F08F1D /* Debug */ = {
			isa = XCBuildConfiguration;
			buildSettings = {
				ALWAYS_EMBED_SWIFT_STANDARD_LIBRARIES = YES;
				CODE_SIGN_STYLE = Automatic;
				CURRENT_PROJECT_VERSION = 1;
				DEVELOPMENT_TEAM = N6283NW9B4;
				GENERATE_INFOPLIST_FILE = YES;
				MARKETING_VERSION = 1.0;
				PRODUCT_BUNDLE_IDENTIFIER = "Post.HW-1UITests";
				PRODUCT_NAME = "$(TARGET_NAME)";
				SWIFT_EMIT_LOC_STRINGS = NO;
				SWIFT_VERSION = 5.0;
				TARGETED_DEVICE_FAMILY = "1,2";
				TEST_TARGET_NAME = HW_1;
			};
			name = Debug;
		};
		84156B152AFD309600F08F1D /* Release */ = {
			isa = XCBuildConfiguration;
			buildSettings = {
				ALWAYS_EMBED_SWIFT_STANDARD_LIBRARIES = YES;
				CODE_SIGN_STYLE = Automatic;
				CURRENT_PROJECT_VERSION = 1;
				DEVELOPMENT_TEAM = N6283NW9B4;
				GENERATE_INFOPLIST_FILE = YES;
				MARKETING_VERSION = 1.0;
				PRODUCT_BUNDLE_IDENTIFIER = "Post.HW-1UITests";
				PRODUCT_NAME = "$(TARGET_NAME)";
				SWIFT_EMIT_LOC_STRINGS = NO;
				SWIFT_VERSION = 5.0;
				TARGETED_DEVICE_FAMILY = "1,2";
				TEST_TARGET_NAME = HW_1;
			};
			name = Release;
		};
/* End XCBuildConfiguration section */

/* Begin XCConfigurationList section */
		84156ADB2AFD309300F08F1D /* Build configuration list for PBXProject "HW_1" */ = {
			isa = XCConfigurationList;
			buildConfigurations = (
				84156B0B2AFD309600F08F1D /* Debug */,
				84156B0C2AFD309600F08F1D /* Release */,
			);
			defaultConfigurationIsVisible = 0;
			defaultConfigurationName = Release;
		};
		84156B0D2AFD309600F08F1D /* Build configuration list for PBXNativeTarget "HW_1" */ = {
			isa = XCConfigurationList;
			buildConfigurations = (
				84156B0E2AFD309600F08F1D /* Debug */,
				84156B0F2AFD309600F08F1D /* Release */,
			);
			defaultConfigurationIsVisible = 0;
			defaultConfigurationName = Release;
		};
		84156B102AFD309600F08F1D /* Build configuration list for PBXNativeTarget "HW_1Tests" */ = {
			isa = XCConfigurationList;
			buildConfigurations = (
				84156B112AFD309600F08F1D /* Debug */,
				84156B122AFD309600F08F1D /* Release */,
			);
			defaultConfigurationIsVisible = 0;
			defaultConfigurationName = Release;
		};
		84156B132AFD309600F08F1D /* Build configuration list for PBXNativeTarget "HW_1UITests" */ = {
			isa = XCConfigurationList;
			buildConfigurations = (
				84156B142AFD309600F08F1D /* Debug */,
				84156B152AFD309600F08F1D /* Release */,
			);
			defaultConfigurationIsVisible = 0;
			defaultConfigurationName = Release;
		};
/* End XCConfigurationList section */

/* Begin XCVersionGroup section */
		84156AEC2AFD309300F08F1D /* HW_1.xcdatamodeld */ = {
			isa = XCVersionGroup;
			children = (
				84156AED2AFD309300F08F1D /* HW_1.xcdatamodel */,
			);
			currentVersion = 84156AED2AFD309300F08F1D /* HW_1.xcdatamodel */;
			path = HW_1.xcdatamodeld;
			sourceTree = "<group>";
			versionGroupType = wrapper.xcdatamodel;
		};
/* End XCVersionGroup section */
	};
	rootObject = 84156AD82AFD309300F08F1D /* Project object */;
}
